
Microsoft Visual Studio Solution File, Format Version 12.00
# Visual Studio 15
VisualStudioVersion = 15.0.28307.271
MinimumVisualStudioVersion = 10.0.40219.1
Project("{9A19103F-16F7-4668-BE54-9A1E7A4F7556}") = "Jewelry.EditingSystem", "Jewelry.EditingSystem\Jewelry.EditingSystem.csproj", "{8C937123-0B42-4A7B-997E-57BE485B92BE}"
EndProject
Project("{FAE04EC0-301F-11D3-BF4B-00C04F79EFBC}") = "Jewelry.EditingSystem.SourceGenerators", "Jewelry.EditingSystem.SourceGenerators\Jewelry.EditingSystem.SourceGenerators.csproj", "{CD645B5C-DA21-46D9-9230-E528EBBC6E76}"
EndProject
Project("{9A19103F-16F7-4668-BE54-9A1E7A4F7556}") = "Jewelry.EditingSystem.Tests", "Jewelry.EditingSystem.Tests\Jewelry.EditingSystem.Tests.csproj", "{1B174DA4-669F-4047-B131-CFDC4A3EDDE0}"
EndProject
Project("{FAE04EC0-301F-11D3-BF4B-00C04F79EFBC}") = "Jewelry.EditingSystem.CommunityToolkit.Mvvm", "Jewelry.EditingSystem.CommunityToolkit.Mvvm\Jewelry.EditingSystem.CommunityToolkit.Mvvm.csproj", "{90529F3D-0C57-4929-A642-6E44ACAA980E}"
EndProject
Project("{FAE04EC0-301F-11D3-BF4B-00C04F79EFBC}") = "Jewelry.EditingSystem.CommunityToolkit.Mvvm.SourceGenerators", "Jewelry.EditingSystem.CommunityToolkit.Mvvm.SourceGenerators\Jewelry.EditingSystem.CommunityToolkit.Mvvm.SourceGenerators.csproj", "{31A1E435-8C0D-442C-BF58-F7852BEB20CB}"
EndProject
Project("{FAE04EC0-301F-11D3-BF4B-00C04F79EFBC}") = "Jewelry.EditingSystem.CommunityToolkit.Mvvm.SourceGenerators.Tests", "Jewelry.EditingSystem.CommunityToolkit.Mvvm.SourceGenerators.Tests\Jewelry.EditingSystem.CommunityToolkit.Mvvm.SourceGenerators.Tests.csproj", "{7D96A4D0-CF81-44E0-B8E6-E5CA9AB7FB5E}"
EndProject
Project("{FAE04EC0-301F-11D3-BF4B-00C04F79EFBC}") = "Jewelry.EditingSystem.Benchmarks", "Jewelry.EditingSystem.Benchmarks\Jewelry.EditingSystem.Benchmarks.csproj", "{AF26957B-1F1D-4D56-A9DE-107CB4DB293A}"
EndProject
Project("{FAE04EC0-301F-11D3-BF4B-00C04F79EFBC}") = "Jewelry.EditingSystem.Avalonia.Demo", "Jewelry.EditingSystem.Avalonia.Demo\Jewelry.EditingSystem.Avalonia.Demo.csproj", "{D2F8A6D3-C7B9-4F90-AE91-7A5C2E3D6B41}"
EndProject
Project("{FAE04EC0-301F-11D3-BF4B-00C04F79EFBC}") = "Jewelry.EditingSystem.Avalonia.Demo.Tests", "Jewelry.EditingSystem.Avalonia.Demo.Tests\Jewelry.EditingSystem.Avalonia.Demo.Tests.csproj", "{9F13A478-7B16-4465-ACF9-D540F06A74CC}"
EndProject
Project("{FAE04EC0-301F-11D3-BF4B-00C04F79EFBC}") = "Jewelry.EditingSystem.Avalonia.Demo.Desktop", "Jewelry.EditingSystem.Avalonia.Demo.Desktop\Jewelry.EditingSystem.Avalonia.Demo.Desktop.csproj", "{1A211E6C-E881-4F5F-B8E5-077EE05D379B}"
EndProject
Project("{FAE04EC0-301F-11D3-BF4B-00C04F79EFBC}") = "Jewelry.EditingSystem.Avalonia.Demo.Browser", "Jewelry.EditingSystem.Avalonia.Demo.Browser\Jewelry.EditingSystem.Avalonia.Demo.Browser.csproj", "{CCDB2975-D58C-4A82-AAC4-C6AD91DAFB6F}"
EndProject
Global
	GlobalSection(SolutionConfigurationPlatforms) = preSolution
		Debug|Any CPU = Debug|Any CPU
		Debug|x64 = Debug|x64
		Debug|x86 = Debug|x86
		Release|Any CPU = Release|Any CPU
		Release|x64 = Release|x64
		Release|x86 = Release|x86
	EndGlobalSection
	GlobalSection(ProjectConfigurationPlatforms) = postSolution
		{8C937123-0B42-4A7B-997E-57BE485B92BE}.Debug|Any CPU.ActiveCfg = Debug|Any CPU
		{8C937123-0B42-4A7B-997E-57BE485B92BE}.Debug|Any CPU.Build.0 = Debug|Any CPU
		{8C937123-0B42-4A7B-997E-57BE485B92BE}.Debug|x64.ActiveCfg = Debug|Any CPU
		{8C937123-0B42-4A7B-997E-57BE485B92BE}.Debug|x64.Build.0 = Debug|Any CPU
		{8C937123-0B42-4A7B-997E-57BE485B92BE}.Debug|x86.ActiveCfg = Debug|Any CPU
		{8C937123-0B42-4A7B-997E-57BE485B92BE}.Debug|x86.Build.0 = Debug|Any CPU
		{8C937123-0B42-4A7B-997E-57BE485B92BE}.Release|Any CPU.ActiveCfg = Release|Any CPU
		{8C937123-0B42-4A7B-997E-57BE485B92BE}.Release|Any CPU.Build.0 = Release|Any CPU
		{8C937123-0B42-4A7B-997E-57BE485B92BE}.Release|x64.ActiveCfg = Release|Any CPU
		{8C937123-0B42-4A7B-997E-57BE485B92BE}.Release|x64.Build.0 = Release|Any CPU
		{8C937123-0B42-4A7B-997E-57BE485B92BE}.Release|x86.ActiveCfg = Release|Any CPU
		{8C937123-0B42-4A7B-997E-57BE485B92BE}.Release|x86.Build.0 = Release|Any CPU
		{CD645B5C-DA21-46D9-9230-E528EBBC6E76}.Debug|Any CPU.ActiveCfg = Debug|Any CPU
		{CD645B5C-DA21-46D9-9230-E528EBBC6E76}.Debug|Any CPU.Build.0 = Debug|Any CPU
		{CD645B5C-DA21-46D9-9230-E528EBBC6E76}.Debug|x64.ActiveCfg = Debug|Any CPU
		{CD645B5C-DA21-46D9-9230-E528EBBC6E76}.Debug|x64.Build.0 = Debug|Any CPU
		{CD645B5C-DA21-46D9-9230-E528EBBC6E76}.Debug|x86.ActiveCfg = Debug|Any CPU
		{CD645B5C-DA21-46D9-9230-E528EBBC6E76}.Debug|x86.Build.0 = Debug|Any CPU
		{CD645B5C-DA21-46D9-9230-E528EBBC6E76}.Release|Any CPU.ActiveCfg = Release|Any CPU
		{CD645B5C-DA21-46D9-9230-E528EBBC6E76}.Release|Any CPU.Build.0 = Release|Any CPU
		{CD645B5C-DA21-46D9-9230-E528EBBC6E76}.Release|x64.ActiveCfg = Release|Any CPU
		{CD645B5C-DA21-46D9-9230-E528EBBC6E76}.Release|x64.Build.0 = Release|Any CPU
		{CD645B5C-DA21-46D9-9230-E528EBBC6E76}.Release|x86.ActiveCfg = Release|Any CPU
		{CD645B5C-DA21-46D9-9230-E528EBBC6E76}.Release|x86.Build.0 = Release|Any CPU
		{1B174DA4-669F-4047-B131-CFDC4A3EDDE0}.Debug|Any CPU.ActiveCfg = Debug|Any CPU
		{1B174DA4-669F-4047-B131-CFDC4A3EDDE0}.Debug|Any CPU.Build.0 = Debug|Any CPU
		{1B174DA4-669F-4047-B131-CFDC4A3EDDE0}.Debug|x64.ActiveCfg = Debug|Any CPU
		{1B174DA4-669F-4047-B131-CFDC4A3EDDE0}.Debug|x64.Build.0 = Debug|Any CPU
		{1B174DA4-669F-4047-B131-CFDC4A3EDDE0}.Debug|x86.ActiveCfg = Debug|Any CPU
		{1B174DA4-669F-4047-B131-CFDC4A3EDDE0}.Debug|x86.Build.0 = Debug|Any CPU
		{1B174DA4-669F-4047-B131-CFDC4A3EDDE0}.Release|Any CPU.ActiveCfg = Release|Any CPU
		{1B174DA4-669F-4047-B131-CFDC4A3EDDE0}.Release|Any CPU.Build.0 = Release|Any CPU
		{1B174DA4-669F-4047-B131-CFDC4A3EDDE0}.Release|x64.ActiveCfg = Release|Any CPU
		{1B174DA4-669F-4047-B131-CFDC4A3EDDE0}.Release|x64.Build.0 = Release|Any CPU
		{1B174DA4-669F-4047-B131-CFDC4A3EDDE0}.Release|x86.ActiveCfg = Release|Any CPU
		{1B174DA4-669F-4047-B131-CFDC4A3EDDE0}.Release|x86.Build.0 = Release|Any CPU
		{90529F3D-0C57-4929-A642-6E44ACAA980E}.Debug|Any CPU.ActiveCfg = Debug|Any CPU
		{90529F3D-0C57-4929-A642-6E44ACAA980E}.Debug|Any CPU.Build.0 = Debug|Any CPU
		{90529F3D-0C57-4929-A642-6E44ACAA980E}.Debug|x64.ActiveCfg = Debug|Any CPU
		{90529F3D-0C57-4929-A642-6E44ACAA980E}.Debug|x64.Build.0 = Debug|Any CPU
		{90529F3D-0C57-4929-A642-6E44ACAA980E}.Debug|x86.ActiveCfg = Debug|Any CPU
		{90529F3D-0C57-4929-A642-6E44ACAA980E}.Debug|x86.Build.0 = Debug|Any CPU
		{90529F3D-0C57-4929-A642-6E44ACAA980E}.Release|Any CPU.ActiveCfg = Release|Any CPU
		{90529F3D-0C57-4929-A642-6E44ACAA980E}.Release|Any CPU.Build.0 = Release|Any CPU
		{90529F3D-0C57-4929-A642-6E44ACAA980E}.Release|x64.ActiveCfg = Release|Any CPU
		{90529F3D-0C57-4929-A642-6E44ACAA980E}.Release|x64.Build.0 = Release|Any CPU
		{90529F3D-0C57-4929-A642-6E44ACAA980E}.Release|x86.ActiveCfg = Release|Any CPU
		{90529F3D-0C57-4929-A642-6E44ACAA980E}.Release|x86.Build.0 = Release|Any CPU
		{31A1E435-8C0D-442C-BF58-F7852BEB20CB}.Debug|Any CPU.ActiveCfg = Debug|Any CPU
		{31A1E435-8C0D-442C-BF58-F7852BEB20CB}.Debug|Any CPU.Build.0 = Debug|Any CPU
		{31A1E435-8C0D-442C-BF58-F7852BEB20CB}.Debug|x64.ActiveCfg = Debug|Any CPU
		{31A1E435-8C0D-442C-BF58-F7852BEB20CB}.Debug|x64.Build.0 = Debug|Any CPU
		{31A1E435-8C0D-442C-BF58-F7852BEB20CB}.Debug|x86.ActiveCfg = Debug|Any CPU
		{31A1E435-8C0D-442C-BF58-F7852BEB20CB}.Debug|x86.Build.0 = Debug|Any CPU
		{31A1E435-8C0D-442C-BF58-F7852BEB20CB}.Release|Any CPU.ActiveCfg = Release|Any CPU
		{31A1E435-8C0D-442C-BF58-F7852BEB20CB}.Release|Any CPU.Build.0 = Release|Any CPU
		{31A1E435-8C0D-442C-BF58-F7852BEB20CB}.Release|x64.ActiveCfg = Release|Any CPU
		{31A1E435-8C0D-442C-BF58-F7852BEB20CB}.Release|x64.Build.0 = Release|Any CPU
		{31A1E435-8C0D-442C-BF58-F7852BEB20CB}.Release|x86.ActiveCfg = Release|Any CPU
		{31A1E435-8C0D-442C-BF58-F7852BEB20CB}.Release|x86.Build.0 = Release|Any CPU
		{7D96A4D0-CF81-44E0-B8E6-E5CA9AB7FB5E}.Debug|Any CPU.ActiveCfg = Debug|Any CPU
		{7D96A4D0-CF81-44E0-B8E6-E5CA9AB7FB5E}.Debug|Any CPU.Build.0 = Debug|Any CPU
		{7D96A4D0-CF81-44E0-B8E6-E5CA9AB7FB5E}.Debug|x64.ActiveCfg = Debug|Any CPU
		{7D96A4D0-CF81-44E0-B8E6-E5CA9AB7FB5E}.Debug|x64.Build.0 = Debug|Any CPU
		{7D96A4D0-CF81-44E0-B8E6-E5CA9AB7FB5E}.Debug|x86.ActiveCfg = Debug|Any CPU
		{7D96A4D0-CF81-44E0-B8E6-E5CA9AB7FB5E}.Debug|x86.Build.0 = Debug|Any CPU
		{7D96A4D0-CF81-44E0-B8E6-E5CA9AB7FB5E}.Release|Any CPU.ActiveCfg = Release|Any CPU
		{7D96A4D0-CF81-44E0-B8E6-E5CA9AB7FB5E}.Release|Any CPU.Build.0 = Release|Any CPU
		{7D96A4D0-CF81-44E0-B8E6-E5CA9AB7FB5E}.Release|x64.ActiveCfg = Release|Any CPU
		{7D96A4D0-CF81-44E0-B8E6-E5CA9AB7FB5E}.Release|x64.Build.0 = Release|Any CPU
		{7D96A4D0-CF81-44E0-B8E6-E5CA9AB7FB5E}.Release|x86.ActiveCfg = Release|Any CPU
		{7D96A4D0-CF81-44E0-B8E6-E5CA9AB7FB5E}.Release|x86.Build.0 = Release|Any CPU
		{AF26957B-1F1D-4D56-A9DE-107CB4DB293A}.Debug|Any CPU.ActiveCfg = Debug|Any CPU
		{AF26957B-1F1D-4D56-A9DE-107CB4DB293A}.Debug|Any CPU.Build.0 = Debug|Any CPU
		{AF26957B-1F1D-4D56-A9DE-107CB4DB293A}.Debug|x64.ActiveCfg = Debug|Any CPU
		{AF26957B-1F1D-4D56-A9DE-107CB4DB293A}.Debug|x64.Build.0 = Debug|Any CPU
		{AF26957B-1F1D-4D56-A9DE-107CB4DB293A}.Debug|x86.ActiveCfg = Debug|Any CPU
		{AF26957B-1F1D-4D56-A9DE-107CB4DB293A}.Debug|x86.Build.0 = Debug|Any CPU
		{AF26957B-1F1D-4D56-A9DE-107CB4DB293A}.Release|Any CPU.ActiveCfg = Release|Any CPU
		{AF26957B-1F1D-4D56-A9DE-107CB4DB293A}.Release|Any CPU.Build.0 = Release|Any CPU
		{AF26957B-1F1D-4D56-A9DE-107CB4DB293A}.Release|x64.ActiveCfg = Release|Any CPU
		{AF26957B-1F1D-4D56-A9DE-107CB4DB293A}.Release|x64.Build.0 = Release|Any CPU
		{AF26957B-1F1D-4D56-A9DE-107CB4DB293A}.Release|x86.ActiveCfg = Release|Any CPU
		{AF26957B-1F1D-4D56-A9DE-107CB4DB293A}.Release|x86.Build.0 = Release|Any CPU
		{D2F8A6D3-C7B9-4F90-AE91-7A5C2E3D6B41}.Debug|Any CPU.ActiveCfg = Debug|Any CPU
		{D2F8A6D3-C7B9-4F90-AE91-7A5C2E3D6B41}.Debug|Any CPU.Build.0 = Debug|Any CPU
		{D2F8A6D3-C7B9-4F90-AE91-7A5C2E3D6B41}.Debug|x64.ActiveCfg = Debug|Any CPU
		{D2F8A6D3-C7B9-4F90-AE91-7A5C2E3D6B41}.Debug|x64.Build.0 = Debug|Any CPU
		{D2F8A6D3-C7B9-4F90-AE91-7A5C2E3D6B41}.Debug|x86.ActiveCfg = Debug|Any CPU
		{D2F8A6D3-C7B9-4F90-AE91-7A5C2E3D6B41}.Debug|x86.Build.0 = Debug|Any CPU
		{D2F8A6D3-C7B9-4F90-AE91-7A5C2E3D6B41}.Release|Any CPU.ActiveCfg = Release|Any CPU
		{D2F8A6D3-C7B9-4F90-AE91-7A5C2E3D6B41}.Release|Any CPU.Build.0 = Release|Any CPU
		{D2F8A6D3-C7B9-4F90-AE91-7A5C2E3D6B41}.Release|x64.ActiveCfg = Release|Any CPU
		{D2F8A6D3-C7B9-4F90-AE91-7A5C2E3D6B41}.Release|x64.Build.0 = Release|Any CPU
		{D2F8A6D3-C7B9-4F90-AE91-7A5C2E3D6B41}.Release|x86.ActiveCfg = Release|Any CPU
		{D2F8A6D3-C7B9-4F90-AE91-7A5C2E3D6B41}.Release|x86.Build.0 = Release|Any CPU
		{9F13A478-7B16-4465-ACF9-D540F06A74CC}.Debug|Any CPU.ActiveCfg = Debug|Any CPU
		{9F13A478-7B16-4465-ACF9-D540F06A74CC}.Debug|Any CPU.Build.0 = Debug|Any CPU
		{9F13A478-7B16-4465-ACF9-D540F06A74CC}.Debug|x64.ActiveCfg = Debug|Any CPU
		{9F13A478-7B16-4465-ACF9-D540F06A74CC}.Debug|x64.Build.0 = Debug|Any CPU
		{9F13A478-7B16-4465-ACF9-D540F06A74CC}.Debug|x86.ActiveCfg = Debug|Any CPU
		{9F13A478-7B16-4465-ACF9-D540F06A74CC}.Debug|x86.Build.0 = Debug|Any CPU
		{9F13A478-7B16-4465-ACF9-D540F06A74CC}.Release|Any CPU.ActiveCfg = Release|Any CPU
		{9F13A478-7B16-4465-ACF9-D540F06A74CC}.Release|Any CPU.Build.0 = Release|Any CPU
		{9F13A478-7B16-4465-ACF9-D540F06A74CC}.Release|x64.ActiveCfg = Release|Any CPU
		{9F13A478-7B16-4465-ACF9-D540F06A74CC}.Release|x64.Build.0 = Release|Any CPU
		{9F13A478-7B16-4465-ACF9-D540F06A74CC}.Release|x86.ActiveCfg = Release|Any CPU
		{9F13A478-7B16-4465-ACF9-D540F06A74CC}.Release|x86.Build.0 = Release|Any CPU
		{1A211E6C-E881-4F5F-B8E5-077EE05D379B}.Debug|Any CPU.ActiveCfg = Debug|Any CPU
		{1A211E6C-E881-4F5F-B8E5-077EE05D379B}.Debug|Any CPU.Build.0 = Debug|Any CPU
		{1A211E6C-E881-4F5F-B8E5-077EE05D379B}.Debug|x64.ActiveCfg = Debug|Any CPU
		{1A211E6C-E881-4F5F-B8E5-077EE05D379B}.Debug|x64.Build.0 = Debug|Any CPU
		{1A211E6C-E881-4F5F-B8E5-077EE05D379B}.Debug|x86.ActiveCfg = Debug|Any CPU
		{1A211E6C-E881-4F5F-B8E5-077EE05D379B}.Debug|x86.Build.0 = Debug|Any CPU
		{1A211E6C-E881-4F5F-B8E5-077EE05D379B}.Release|Any CPU.ActiveCfg = Release|Any CPU
		{1A211E6C-E881-4F5F-B8E5-077EE05D379B}.Release|Any CPU.Build.0 = Release|Any CPU
		{1A211E6C-E881-4F5F-B8E5-077EE05D379B}.Release|x64.ActiveCfg = Release|Any CPU
		{1A211E6C-E881-4F5F-B8E5-077EE05D379B}.Release|x64.Build.0 = Release|Any CPU
		{1A211E6C-E881-4F5F-B8E5-077EE05D379B}.Release|x86.ActiveCfg = Release|Any CPU
		{1A211E6C-E881-4F5F-B8E5-077EE05D379B}.Release|x86.Build.0 = Release|Any CPU
		{CCDB2975-D58C-4A82-AAC4-C6AD91DAFB6F}.Debug|Any CPU.ActiveCfg = Debug|Any CPU
		{CCDB2975-D58C-4A82-AAC4-C6AD91DAFB6F}.Debug|Any CPU.Build.0 = Debug|Any CPU
		{CCDB2975-D58C-4A82-AAC4-C6AD91DAFB6F}.Debug|x64.ActiveCfg = Debug|Any CPU
		{CCDB2975-D58C-4A82-AAC4-C6AD91DAFB6F}.Debug|x64.Build.0 = Debug|Any CPU
		{CCDB2975-D58C-4A82-AAC4-C6AD91DAFB6F}.Debug|x86.ActiveCfg = Debug|Any CPU
		{CCDB2975-D58C-4A82-AAC4-C6AD91DAFB6F}.Debug|x86.Build.0 = Debug|Any CPU
		{CCDB2975-D58C-4A82-AAC4-C6AD91DAFB6F}.Release|Any CPU.ActiveCfg = Release|Any CPU
		{CCDB2975-D58C-4A82-AAC4-C6AD91DAFB6F}.Release|Any CPU.Build.0 = Release|Any CPU
		{CCDB2975-D58C-4A82-AAC4-C6AD91DAFB6F}.Release|x64.ActiveCfg = Release|Any CPU
		{CCDB2975-D58C-4A82-AAC4-C6AD91DAFB6F}.Release|x64.Build.0 = Release|Any CPU
		{CCDB2975-D58C-4A82-AAC4-C6AD91DAFB6F}.Release|x86.ActiveCfg = Release|Any CPU
		{CCDB2975-D58C-4A82-AAC4-C6AD91DAFB6F}.Release|x86.Build.0 = Release|Any CPU
	EndGlobalSection
	GlobalSection(SolutionProperties) = preSolution
		HideSolutionNode = FALSE
	EndGlobalSection
	GlobalSection(ExtensibilityGlobals) = postSolution
		SolutionGuid = {D66D4775-ECAF-43AA-8277-BB469FA5E5AC}
	EndGlobalSection
EndGlobal
